# This file was autogenerated by Stack.
# You should not edit this file by hand.
# For more information, please see the documentation at:
#   https://docs.haskellstack.org/en/stable/lock_files

packages:
- completed:
    name: diagrams-input
    version: '0.1'
    git: https://github.com/diagrams/diagrams-input.git
    pantry-tree:
      size: 1530
      sha256: 1d39adfed434fc17e74e2428f0062b00a9b2f5275e5a3f24c7bc348f17d8f872
    commit: ce263b47886bb0cb411ef62b4d189818cbe176bd
  original:
    git: https://github.com/diagrams/diagrams-input.git
    commit: ce263b47886bb0cb411ef62b4d189818cbe176bd
snapshots:
- completed:
    size: 537868
    url: https://raw.githubusercontent.com/commercialhaskell/stackage-snapshots/master/lts/9/21.yaml
    sha256: 0a3be91c2bce851de4755003cfb1d85d62b6f90276231fcc305729c0c5c864a9
  original:
    url: https://raw.githubusercontent.com/commercialhaskell/stackage-snapshots/master/lts/9/21.yaml
